
Microsoft Visual Studio Solution File, Format Version 12.00
# Visual Studio 2012
Project("{FAE04EC0-301F-11D3-BF4B-00C04F79EFBC}") = "MayaWpfTheme", "MayaWpfTheme\MayaWpfTheme.csproj", "{AAC44831-3367-4312-BEA5-0187DB566D64}"
EndProject
Project("{FAE04EC0-301F-11D3-BF4B-00C04F79EFBC}") = "MayaWpfThemeAppTest", "MayaWpfThemeAppTest\MayaWpfThemeAppTest.csproj", "{4EA0D07E-2ADA-4ADA-B0CF-CDE72D1E3C70}"
EndProject
Project("{FAE04EC0-301F-11D3-BF4B-00C04F79EFBC}") = "MayaWpfThemeTest", "MayaWpfThemeTest\MayaWpfThemeTest.csproj", "{F34671BC-4BF9-45DB-911A-C01A6921E02C}"
EndProject
Project("{FAE04EC0-301F-11D3-BF4B-00C04F79EFBC}") = "MayaWpfPlugin", "MayaWpfPlugin\MayaWpfPlugin.csproj", "{33BCFBFB-6CAB-4C3D-B09A-BE3412E1CF5B}"
EndProject
Project("{FAE04EC0-301F-11D3-BF4B-00C04F79EFBC}") = "MayaWpfStandAlone", "MayaWpfStandAlone\MayaWpfStandAlone.csproj", "{32FC1C33-F624-4D09-885E-00DDC5AB2BAF}"
EndProject
Global
	GlobalSection(SolutionConfigurationPlatforms) = preSolution
		Debug|Any CPU = Debug|Any CPU
		Debug|Mixed Platforms = Debug|Mixed Platforms
		Debug|x64 = Debug|x64
		Debug|x86 = Debug|x86
		Release|Any CPU = Release|Any CPU
		Release|Mixed Platforms = Release|Mixed Platforms
		Release|x64 = Release|x64
		Release|x86 = Release|x86
	EndGlobalSection
	GlobalSection(ProjectConfigurationPlatforms) = postSolution
		{AAC44831-3367-4312-BEA5-0187DB566D64}.Debug|Any CPU.ActiveCfg = Debug|Any CPU
		{AAC44831-3367-4312-BEA5-0187DB566D64}.Debug|Any CPU.Build.0 = Debug|Any CPU
		{AAC44831-3367-4312-BEA5-0187DB566D64}.Debug|Mixed Platforms.ActiveCfg = Debug|Any CPU
		{AAC44831-3367-4312-BEA5-0187DB566D64}.Debug|Mixed Platforms.Build.0 = Debug|Any CPU
		{AAC44831-3367-4312-BEA5-0187DB566D64}.Debug|x64.ActiveCfg = Debug|Any CPU
		{AAC44831-3367-4312-BEA5-0187DB566D64}.Debug|x86.ActiveCfg = Debug|Any CPU
		{AAC44831-3367-4312-BEA5-0187DB566D64}.Release|Any CPU.ActiveCfg = Release|Any CPU
		{AAC44831-3367-4312-BEA5-0187DB566D64}.Release|Any CPU.Build.0 = Release|Any CPU
		{AAC44831-3367-4312-BEA5-0187DB566D64}.Release|Mixed Platforms.ActiveCfg = Release|Any CPU
		{AAC44831-3367-4312-BEA5-0187DB566D64}.Release|Mixed Platforms.Build.0 = Release|Any CPU
		{AAC44831-3367-4312-BEA5-0187DB566D64}.Release|x64.ActiveCfg = Release|Any CPU
		{AAC44831-3367-4312-BEA5-0187DB566D64}.Release|x86.ActiveCfg = Release|Any CPU
		{4EA0D07E-2ADA-4ADA-B0CF-CDE72D1E3C70}.Debug|Any CPU.ActiveCfg = Debug|Any CPU
		{4EA0D07E-2ADA-4ADA-B0CF-CDE72D1E3C70}.Debug|Any CPU.Build.0 = Debug|Any CPU
		{4EA0D07E-2ADA-4ADA-B0CF-CDE72D1E3C70}.Debug|Mixed Platforms.ActiveCfg = Debug|Any CPU
		{4EA0D07E-2ADA-4ADA-B0CF-CDE72D1E3C70}.Debug|Mixed Platforms.Build.0 = Debug|Any CPU
		{4EA0D07E-2ADA-4ADA-B0CF-CDE72D1E3C70}.Debug|x64.ActiveCfg = Debug|Any CPU
		{4EA0D07E-2ADA-4ADA-B0CF-CDE72D1E3C70}.Debug|x86.ActiveCfg = Debug|Any CPU
		{4EA0D07E-2ADA-4ADA-B0CF-CDE72D1E3C70}.Release|Any CPU.ActiveCfg = Release|Any CPU
		{4EA0D07E-2ADA-4ADA-B0CF-CDE72D1E3C70}.Release|Any CPU.Build.0 = Release|Any CPU
		{4EA0D07E-2ADA-4ADA-B0CF-CDE72D1E3C70}.Release|Mixed Platforms.ActiveCfg = Release|Any CPU
		{4EA0D07E-2ADA-4ADA-B0CF-CDE72D1E3C70}.Release|Mixed Platforms.Build.0 = Release|Any CPU
		{4EA0D07E-2ADA-4ADA-B0CF-CDE72D1E3C70}.Release|x64.ActiveCfg = Release|Any CPU
		{4EA0D07E-2ADA-4ADA-B0CF-CDE72D1E3C70}.Release|x86.ActiveCfg = Release|Any CPU
		{F34671BC-4BF9-45DB-911A-C01A6921E02C}.Debug|Any CPU.ActiveCfg = Debug|Any CPU
		{F34671BC-4BF9-45DB-911A-C01A6921E02C}.Debug|Any CPU.Build.0 = Debug|Any CPU
		{F34671BC-4BF9-45DB-911A-C01A6921E02C}.Debug|Mixed Platforms.ActiveCfg = Debug|Any CPU
		{F34671BC-4BF9-45DB-911A-C01A6921E02C}.Debug|Mixed Platforms.Build.0 = Debug|Any CPU
		{F34671BC-4BF9-45DB-911A-C01A6921E02C}.Debug|x64.ActiveCfg = Debug|Any CPU
		{F34671BC-4BF9-45DB-911A-C01A6921E02C}.Debug|x86.ActiveCfg = Debug|Any CPU
		{F34671BC-4BF9-45DB-911A-C01A6921E02C}.Release|Any CPU.ActiveCfg = Release|Any CPU
		{F34671BC-4BF9-45DB-911A-C01A6921E02C}.Release|Any CPU.Build.0 = Release|Any CPU
		{F34671BC-4BF9-45DB-911A-C01A6921E02C}.Release|Mixed Platforms.ActiveCfg = Release|Any CPU
		{F34671BC-4BF9-45DB-911A-C01A6921E02C}.Release|Mixed Platforms.Build.0 = Release|Any CPU
		{F34671BC-4BF9-45DB-911A-C01A6921E02C}.Release|x64.ActiveCfg = Release|Any CPU
		{F34671BC-4BF9-45DB-911A-C01A6921E02C}.Release|x86.ActiveCfg = Release|Any CPU
		{33BCFBFB-6CAB-4C3D-B09A-BE3412E1CF5B}.Debug|Any CPU.ActiveCfg = Debug|Any CPU
		{33BCFBFB-6CAB-4C3D-B09A-BE3412E1CF5B}.Debug|Any CPU.Build.0 = Debug|Any CPU
		{33BCFBFB-6CAB-4C3D-B09A-BE3412E1CF5B}.Debug|Mixed Platforms.ActiveCfg = Debug|Any CPU
		{33BCFBFB-6CAB-4C3D-B09A-BE3412E1CF5B}.Debug|Mixed Platforms.Build.0 = Debug|Any CPU
		{33BCFBFB-6CAB-4C3D-B09A-BE3412E1CF5B}.Debug|x64.ActiveCfg = Debug|Any CPU
		{33BCFBFB-6CAB-4C3D-B09A-BE3412E1CF5B}.Debug|x86.ActiveCfg = Debug|Any CPU
		{33BCFBFB-6CAB-4C3D-B09A-BE3412E1CF5B}.Release|Any CPU.ActiveCfg = Release|Any CPU
		{33BCFBFB-6CAB-4C3D-B09A-BE3412E1CF5B}.Release|Any CPU.Build.0 = Release|Any CPU
		{33BCFBFB-6CAB-4C3D-B09A-BE3412E1CF5B}.Release|Mixed Platforms.ActiveCfg = Release|Any CPU
		{33BCFBFB-6CAB-4C3D-B09A-BE3412E1CF5B}.Release|Mixed Platforms.Build.0 = Release|Any CPU
		{33BCFBFB-6CAB-4C3D-B09A-BE3412E1CF5B}.Release|x64.ActiveCfg = Release|Any CPU
		{33BCFBFB-6CAB-4C3D-B09A-BE3412E1CF5B}.Release|x86.ActiveCfg = Release|Any CPU
		{32FC1C33-F624-4D09-885E-00DDC5AB2BAF}.Debug|Any CPU.ActiveCfg = Debug|x86
		{32FC1C33-F624-4D09-885E-00DDC5AB2BAF}.Debug|Mixed Platforms.ActiveCfg = Debug|x86
		{32FC1C33-F624-4D09-885E-00DDC5AB2BAF}.Debug|Mixed Platforms.Build.0 = Debug|x86
		{32FC1C33-F624-4D09-885E-00DDC5AB2BAF}.Debug|x64.ActiveCfg = Debug|x64
		{32FC1C33-F624-4D09-885E-00DDC5AB2BAF}.Debug|x64.Build.0 = Debug|x64
		{32FC1C33-F624-4D09-885E-00DDC5AB2BAF}.Debug|x86.ActiveCfg = Debug|x86
		{32FC1C33-F624-4D09-885E-00DDC5AB2BAF}.Debug|x86.Build.0 = Debug|x86
		{32FC1C33-F624-4D09-885E-00DDC5AB2BAF}.Release|Any CPU.ActiveCfg = Release|x86
		{32FC1C33-F624-4D09-885E-00DDC5AB2BAF}.Release|Mixed Platforms.ActiveCfg = Release|x86
		{32FC1C33-F624-4D09-885E-00DDC5AB2BAF}.Release|Mixed Platforms.Build.0 = Release|x86
		{32FC1C33-F624-4D09-885E-00DDC5AB2BAF}.Release|x64.ActiveCfg = Release|x64
		{32FC1C33-F624-4D09-885E-00DDC5AB2BAF}.Release|x64.Build.0 = Release|x64
		{32FC1C33-F624-4D09-885E-00DDC5AB2BAF}.Release|x86.ActiveCfg = Release|x86
		{32FC1C33-F624-4D09-885E-00DDC5AB2BAF}.Release|x86.Build.0 = Release|x86
	EndGlobalSection
	GlobalSection(SolutionProperties) = preSolution
		HideSolutionNode = FALSE
	EndGlobalSection
EndGlobal
